// !$*UTF8*$!
{
	archiveVersion = 1;
	classes = {
	};
	objectVersion = 46;
	objects = {

/* Begin PBXBuildFile section */
		34CE273D1CFDE15E003A3004 /* AppDelegate.swift in Sources */ = {isa = PBXBuildFile; fileRef = 34CE273C1CFDE15E003A3004 /* AppDelegate.swift */; };
		34CE27421CFDE15E003A3004 /* Main.storyboard in Resources */ = {isa = PBXBuildFile; fileRef = 34CE27401CFDE15E003A3004 /* Main.storyboard */; };
		34CE27441CFDE15E003A3004 /* Assets.xcassets in Resources */ = {isa = PBXBuildFile; fileRef = 34CE27431CFDE15E003A3004 /* Assets.xcassets */; };
		34CE27471CFDE15E003A3004 /* LaunchScreen.storyboard in Resources */ = {isa = PBXBuildFile; fileRef = 34CE27451CFDE15E003A3004 /* LaunchScreen.storyboard */; };
		34D1B8EE1D05970600489AE2 /* TableViewController.swift in Sources */ = {isa = PBXBuildFile; fileRef = 34D1B8ED1D05970600489AE2 /* TableViewController.swift */; };
		34E5150F1CFF3B6B0036BDC0 /* ASCMenuView.xib in Resources */ = {isa = PBXBuildFile; fileRef = 34E5150E1CFF3B6B0036BDC0 /* ASCMenuView.xib */; };
		34E515121CFF3CD30036BDC0 /* UIView+Extension.swift in Sources */ = {isa = PBXBuildFile; fileRef = 34E515111CFF3CD30036BDC0 /* UIView+Extension.swift */; };
		34E515191D0043DD0036BDC0 /* ASCMenuView.swift in Sources */ = {isa = PBXBuildFile; fileRef = 34E515141D0043DD0036BDC0 /* ASCMenuView.swift */; };
		34E5151B1D0043DD0036BDC0 /* ASCMenuViewController.swift in Sources */ = {isa = PBXBuildFile; fileRef = 34E515161D0043DD0036BDC0 /* ASCMenuViewController.swift */; };
		34E5151E1D0045FB0036BDC0 /* MenuTableView.swift in Sources */ = {isa = PBXBuildFile; fileRef = 34E5151D1D0045FB0036BDC0 /* MenuTableView.swift */; };
		34E515201D0047E30036BDC0 /* ViewController.swift in Sources */ = {isa = PBXBuildFile; fileRef = 34E5151F1D0047E30036BDC0 /* ViewController.swift */; };
/* End PBXBuildFile section */

/* Begin PBXFileReference section */
		34CE27391CFDE15E003A3004 /* sideMenu.app */ = {isa = PBXFileReference; explicitFileType = wrapper.application; includeInIndex = 0; path = sideMenu.app; sourceTree = BUILT_PRODUCTS_DIR; };
		34CE273C1CFDE15E003A3004 /* AppDelegate.swift */ = {isa = PBXFileReference; lastKnownFileType = sourcecode.swift; path = AppDelegate.swift; sourceTree = "<group>"; };
		34CE27411CFDE15E003A3004 /* Base */ = {isa = PBXFileReference; lastKnownFileType = file.storyboard; name = Base; path = Base.lproj/Main.storyboard; sourceTree = "<group>"; };
		34CE27431CFDE15E003A3004 /* Assets.xcassets */ = {isa = PBXFileReference; lastKnownFileType = folder.assetcatalog; path = Assets.xcassets; sourceTree = "<group>"; };
		34CE27461CFDE15E003A3004 /* Base */ = {isa = PBXFileReference; lastKnownFileType = file.storyboard; name = Base; path = Base.lproj/LaunchScreen.storyboard; sourceTree = "<group>"; };
		34CE27481CFDE15E003A3004 /* Info.plist */ = {isa = PBXFileReference; lastKnownFileType = text.plist.xml; path = Info.plist; sourceTree = "<group>"; };
		34D1B8ED1D05970600489AE2 /* TableViewController.swift */ = {isa = PBXFileReference; fileEncoding = 4; lastKnownFileType = sourcecode.swift; path = TableViewController.swift; sourceTree = "<group>"; };
		34E5150E1CFF3B6B0036BDC0 /* ASCMenuView.xib */ = {isa = PBXFileReference; fileEncoding = 4; lastKnownFileType = file.xib; path = ASCMenuView.xib; sourceTree = "<group>"; };
		34E515111CFF3CD30036BDC0 /* UIView+Extension.swift */ = {isa = PBXFileReference; fileEncoding = 4; lastKnownFileType = sourcecode.swift; path = "UIView+Extension.swift"; sourceTree = "<group>"; };
		34E515141D0043DD0036BDC0 /* ASCMenuView.swift */ = {isa = PBXFileReference; fileEncoding = 4; lastKnownFileType = sourcecode.swift; path = ASCMenuView.swift; sourceTree = "<group>"; };
		34E515161D0043DD0036BDC0 /* ASCMenuViewController.swift */ = {isa = PBXFileReference; fileEncoding = 4; lastKnownFileType = sourcecode.swift; path = ASCMenuViewController.swift; sourceTree = "<group>"; };
		34E5151D1D0045FB0036BDC0 /* MenuTableView.swift */ = {isa = PBXFileReference; fileEncoding = 4; lastKnownFileType = sourcecode.swift; path = MenuTableView.swift; sourceTree = "<group>"; };
		34E5151F1D0047E30036BDC0 /* ViewController.swift */ = {isa = PBXFileReference; fileEncoding = 4; lastKnownFileType = sourcecode.swift; path = ViewController.swift; sourceTree = "<group>"; };
/* End PBXFileReference section */

/* Begin PBXFrameworksBuildPhase section */
		34CE27361CFDE15E003A3004 /* Frameworks */ = {
			isa = PBXFrameworksBuildPhase;
			buildActionMask = 2147483647;
			files = (
			);
			runOnlyForDeploymentPostprocessing = 0;
		};
/* End PBXFrameworksBuildPhase section */

/* Begin PBXGroup section */
		34CE27301CFDE15E003A3004 = {
			isa = PBXGroup;
			children = (
				34CE273B1CFDE15E003A3004 /* sideMenu */,
				34CE273A1CFDE15E003A3004 /* Products */,
			);
			sourceTree = "<group>";
		};
		34CE273A1CFDE15E003A3004 /* Products */ = {
			isa = PBXGroup;
			children = (
				34CE27391CFDE15E003A3004 /* sideMenu.app */,
			);
			name = Products;
			sourceTree = "<group>";
		};
		34CE273B1CFDE15E003A3004 /* sideMenu */ = {
			isa = PBXGroup;
			children = (
				34E515131D0043DD0036BDC0 /* ASCMenuView */,
				34E515101CFF3CD30036BDC0 /* Categories */,
				34CE273C1CFDE15E003A3004 /* AppDelegate.swift */,
				34CE27401CFDE15E003A3004 /* Main.storyboard */,
				34CE27431CFDE15E003A3004 /* Assets.xcassets */,
				34CE27451CFDE15E003A3004 /* LaunchScreen.storyboard */,
				34CE27481CFDE15E003A3004 /* Info.plist */,
				34E5150E1CFF3B6B0036BDC0 /* ASCMenuView.xib */,
				34E5151D1D0045FB0036BDC0 /* MenuTableView.swift */,
				34E5151F1D0047E30036BDC0 /* ViewController.swift */,
				34D1B8ED1D05970600489AE2 /* TableViewController.swift */,
			);
			path = sideMenu;
			sourceTree = "<group>";
		};
		34E515101CFF3CD30036BDC0 /* Categories */ = {
			isa = PBXGroup;
			children = (
				34E515111CFF3CD30036BDC0 /* UIView+Extension.swift */,
			);
			path = Categories;
			sourceTree = "<group>";
		};
		34E515131D0043DD0036BDC0 /* ASCMenuView */ = {
			isa = PBXGroup;
			children = (
				34E515141D0043DD0036BDC0 /* ASCMenuView.swift */,
				34E515161D0043DD0036BDC0 /* ASCMenuViewController.swift */,
			);
			path = ASCMenuView;
			sourceTree = "<group>";
		};
/* End PBXGroup section */

/* Begin PBXNativeTarget section */
		34CE27381CFDE15E003A3004 /* sideMenu */ = {
			isa = PBXNativeTarget;
			buildConfigurationList = 34CE274B1CFDE15E003A3004 /* Build configuration list for PBXNativeTarget "sideMenu" */;
			buildPhases = (
				34CE27351CFDE15E003A3004 /* Sources */,
				34CE27361CFDE15E003A3004 /* Frameworks */,
				34CE27371CFDE15E003A3004 /* Resources */,
			);
			buildRules = (
			);
			dependencies = (
			);
			name = sideMenu;
			productName = sideMenu;
			productReference = 34CE27391CFDE15E003A3004 /* sideMenu.app */;
			productType = "com.apple.product-type.application";
		};
/* End PBXNativeTarget section */

/* Begin PBXProject section */
		34CE27311CFDE15E003A3004 /* Project object */ = {
			isa = PBXProject;
			attributes = {
				LastSwiftUpdateCheck = 0730;
				LastUpgradeCheck = 0730;
				ORGANIZATIONNAME = acsanchezcu;
				TargetAttributes = {
					34CE27381CFDE15E003A3004 = {
						CreatedOnToolsVersion = 7.3;
					};
				};
			};
			buildConfigurationList = 34CE27341CFDE15E003A3004 /* Build configuration list for PBXProject "sideMenu" */;
			compatibilityVersion = "Xcode 3.2";
			developmentRegion = English;
			hasScannedForEncodings = 0;
			knownRegions = (
				en,
				Base,
			);
			mainGroup = 34CE27301CFDE15E003A3004;
			productRefGroup = 34CE273A1CFDE15E003A3004 /* Products */;
			projectDirPath = "";
			projectRoot = "";
			targets = (
				34CE27381CFDE15E003A3004 /* sideMenu */,
			);
		};
/* End PBXProject section */

/* Begin PBXResourcesBuildPhase section */
		34CE27371CFDE15E003A3004 /* Resources */ = {
			isa = PBXResourcesBuildPhase;
			buildActionMask = 2147483647;
			files = (
				34CE27471CFDE15E003A3004 /* LaunchScreen.storyboard in Resources */,
				34CE27441CFDE15E003A3004 /* Assets.xcassets in Resources */,
				34CE27421CFDE15E003A3004 /* Main.storyboard in Resources */,
				34E5150F1CFF3B6B0036BDC0 /* ASCMenuView.xib in Resources */,
			);
			runOnlyForDeploymentPostprocessing = 0;
		};
/* End PBXResourcesBuildPhase section */

/* Begin PBXSourcesBuildPhase section */
		34CE27351CFDE15E003A3004 /* Sources */ = {
			isa = PBXSourcesBuildPhase;
			buildActionMask = 2147483647;
			files = (
				34E515201D0047E30036BDC0 /* ViewController.swift in Sources */,
				34D1B8EE1D05970600489AE2 /* TableViewController.swift in Sources */,
				34E5151E1D0045FB0036BDC0 /* MenuTableView.swift in Sources */,
				34E5151B1D0043DD0036BDC0 /* ASCMenuViewController.swift in Sources */,
				34CE273D1CFDE15E003A3004 /* AppDelegate.swift in Sources */,
				34E515121CFF3CD30036BDC0 /* UIView+Extension.swift in Sources */,
				34E515191D0043DD0036BDC0 /* ASCMenuView.swift in Sources */,
			);
			runOnlyForDeploymentPostprocessing = 0;
		};
/* End PBXSourcesBuildPhase section */

/* Begin PBXVariantGroup section */
		34CE27401CFDE15E003A3004 /* Main.storyboard */ = {
			isa = PBXVariantGroup;
			children = (
				34CE27411CFDE15E003A3004 /* Base */,
			);
			name = Main.storyboard;
			sourceTree = "<group>";
		};
		34CE27451CFDE15E003A3004 /* LaunchScreen.storyboard */ = {
			isa = PBXVariantGroup;
			children = (
				34CE27461CFDE15E003A3004 /* Base */,
			);
			name = LaunchScreen.storyboard;
			sourceTree = "<group>";
		};
/* End PBXVariantGroup section */

/* Begin XCBuildConfiguration section */
		34CE27491CFDE15E003A3004 /* Debug */ = {
			isa = XCBuildConfiguration;
			buildSettings = {
				ALWAYS_SEARCH_USER_PATHS = NO;
				CLANG_ANALYZER_NONNULL = YES;
				CLANG_CXX_LANGUAGE_STANDARD = "gnu++0x";
				CLANG_CXX_LIBRARY = "libc++";
				CLANG_ENABLE_MODULES = YES;
				CLANG_ENABLE_OBJC_ARC = YES;
				CLANG_WARN_BOOL_CONVERSION = YES;
				CLANG_WARN_CONSTANT_CONVERSION = YES;
				CLANG_WARN_DIRECT_OBJC_ISA_USAGE = YES_ERROR;
				CLANG_WARN_EMPTY_BODY = YES;
				CLANG_WARN_ENUM_CONVERSION = YES;
				CLANG_WARN_INT_CONVERSION = YES;
				CLANG_WARN_OBJC_ROOT_CLASS = YES_ERROR;
				CLANG_WARN_UNREACHABLE_CODE = YES;
				CLANG_WARN__DUPLICATE_METHOD_MATCH = YES;
				"CODE_SIGN_IDENTITY[sdk=iphoneos*]" = "iPhone Developer";
				COPY_PHASE_STRIP = NO;
				DEBUG_INFORMATION_FORMAT = dwarf;
				ENABLE_STRICT_OBJC_MSGSEND = YES;
				ENABLE_TESTABILITY = YES;
				GCC_C_LANGUAGE_STANDARD = gnu99;
				GCC_DYNAMIC_NO_PIC = NO;
				GCC_NO_COMMON_BLOCKS = YES;
				GCC_OPTIMIZATION_LEVEL = 0;
				GCC_PREPROCESSOR_DEFINITIONS = (
					"DEBUG=1",
					"$(inherited)",
				);
				GCC_WARN_64_TO_32_BIT_CONVERSION = YES;
				GCC_WARN_ABOUT_RETURN_TYPE = YES_ERROR;
				GCC_WARN_UNDECLARED_SELECTOR = YES;
				GCC_WARN_UNINITIALIZED_AUTOS = YES_AGGRESSIVE;
				GCC_WARN_UNUSED_FUNCTION = YES;
				GCC_WARN_UNUSED_VARIABLE = YES;
				IPHONEOS_DEPLOYMENT_TARGET = 9.3;
				MTL_ENABLE_DEBUG_INFO = YES;
				ONLY_ACTIVE_ARCH = YES;
				SDKROOT = iphoneos;
				SWIFT_OPTIMIZATION_LEVEL = "-Onone";
				TARGETED_DEVICE_FAMILY = "1,2";
			};
			name = Debug;
		};
		34CE274A1CFDE15E003A3004 /* Release */ = {
			isa = XCBuildConfiguration;
			buildSettings = {
				ALWAYS_SEARCH_USER_PATHS = NO;
				CLANG_ANALYZER_NONNULL = YES;
				CLANG_CXX_LANGUAGE_STANDARD = "gnu++0x";
				CLANG_CXX_LIBRARY = "libc++";
				CLANG_ENABLE_MODULES = YES;
				CLANG_ENABLE_OBJC_ARC = YES;
				CLANG_WARN_BOOL_CONVERSION = YES;
				CLANG_WARN_CONSTANT_CONVERSION = YES;
				CLANG_WARN_DIRECT_OBJC_ISA_USAGE = YES_ERROR;
				CLANG_WARN_EMPTY_BODY = YES;
				CLANG_WARN_ENUM_CONVERSION = YES;
				CLANG_WARN_INT_CONVERSION = YES;
				CLANG_WARN_OBJC_ROOT_CLASS = YES_ERROR;
				CLANG_WARN_UNREACHABLE_CODE = YES;
				CLANG_WARN__DUPLICATE_METHOD_MATCH = YES;
				"CODE_SIGN_IDENTITY[sdk=iphoneos*]" = "iPhone Developer";
				COPY_PHASE_STRIP = NO;
				DEBUG_INFORMATION_FORMAT = "dwarf-with-dsym";
				ENABLE_NS_ASSERTIONS = NO;
				ENABLE_STRICT_OBJC_MSGSEND = YES;
				GCC_C_LANGUAGE_STANDARD = gnu99;
				GCC_NO_COMMON_BLOCKS = YES;
				GCC_WARN_64_TO_32_BIT_CONVERSION = YES;
				GCC_WARN_ABOUT_RETURN_TYPE = YES_ERROR;
				GCC_WARN_UNDECLARED_SELECTOR = YES;
				GCC_WARN_UNINITIALIZED_AUTOS = YES_AGGRESSIVE;
				GCC_WARN_UNUSED_FUNCTION = YES;
				GCC_WARN_UNUSED_VARIABLE = YES;
				IPHONEOS_DEPLOYMENT_TARGET = 9.3;
				MTL_ENABLE_DEBUG_INFO = NO;
				SDKROOT = iphoneos;
				TARGETED_DEVICE_FAMILY = "1,2";
				VALIDATE_PRODUCT = YES;
			};
			name = Release;
		};
		34CE274C1CFDE15E003A3004 /* Debug */ = {
			isa = XCBuildConfiguration;
			buildSettings = {
				ASSETCATALOG_COMPILER_APPICON_NAME = AppIcon;
				INFOPLIST_FILE = sideMenu/Info.plist;
				LD_RUNPATH_SEARCH_PATHS = "$(inherited) @executable_path/Frameworks";
				PRODUCT_BUNDLE_IDENTIFIER = com.acsanchezcu.sideMenu;
				PRODUCT_NAME = "$(TARGET_NAME)";
			};
			name = Debug;
		};
		34CE274D1CFDE15E003A3004 /* Release */ = {
			isa = XCBuildConfiguration;
			buildSettings = {
				ASSETCATALOG_COMPILER_APPICON_NAME = AppIcon;
				INFOPLIST_FILE = sideMenu/Info.plist;
				LD_RUNPATH_SEARCH_PATHS = "$(inherited) @executable_path/Frameworks";
				PRODUCT_BUNDLE_IDENTIFIER = com.acsanchezcu.sideMenu;
				PRODUCT_NAME = "$(TARGET_NAME)";
			};
			name = Release;
		};
/* End XCBuildConfiguration section */

/* Begin XCConfigurationList section */
		34CE27341CFDE15E003A3004 /* Build configuration list for PBXProject "sideMenu" */ = {
			isa = XCConfigurationList;
			buildConfigurations = (
				34CE27491CFDE15E003A3004 /* Debug */,
				34CE274A1CFDE15E003A3004 /* Release */,
			);
			defaultConfigurationIsVisible = 0;
			defaultConfigurationName = Release;
		};
		34CE274B1CFDE15E003A3004 /* Build configuration list for PBXNativeTarget "sideMenu" */ = {
			isa = XCConfigurationList;
			buildConfigurations = (
				34CE274C1CFDE15E003A3004 /* Debug */,
				34CE274D1CFDE15E003A3004 /* Release */,
			);
			defaultConfigurationIsVisible = 0;
			defaultConfigurationName = Release;
		};
/* End XCConfigurationList section */
	};
	rootObject = 34CE27311CFDE15E003A3004 /* Project object */;
}
